
Microsoft Visual Studio Solution File, Format Version 12.00
# Visual Studio Version 16
VisualStudioVersion = 16.0.30804.86
MinimumVisualStudioVersion = 10.0.40219.1
Project("{FAE04EC0-301F-11D3-BF4B-00C04F79EFBC}") = "Sutea_Paul_Vasile_Lab6", "Sutea_Paul_Vasile_Lab6.csproj", "{9BCE13CD-BAFF-4DAF-9FBF-2AB15A29DCFF}"
EndProject
Global
	GlobalSection(SolutionConfigurationPlatforms) = preSolution
		Debug|Any CPU = Debug|Any CPU
		Release|Any CPU = Release|Any CPU
	EndGlobalSection
	GlobalSection(ProjectConfigurationPlatforms) = postSolution
		{9BCE13CD-BAFF-4DAF-9FBF-2AB15A29DCFF}.Debug|Any CPU.ActiveCfg = Debug|Any CPU
		{9BCE13CD-BAFF-4DAF-9FBF-2AB15A29DCFF}.Debug|Any CPU.Build.0 = Debug|Any CPU
		{9BCE13CD-BAFF-4DAF-9FBF-2AB15A29DCFF}.Release|Any CPU.ActiveCfg = Release|Any CPU
		{9BCE13CD-BAFF-4DAF-9FBF-2AB15A29DCFF}.Release|Any CPU.Build.0 = Release|Any CPU
	EndGlobalSection
	GlobalSection(SolutionProperties) = preSolution
		HideSolutionNode = FALSE
	EndGlobalSection
	GlobalSection(ExtensibilityGlobals) = postSolution
		SolutionGuid = {F37154D4-2BB6-4D5D-ABC0-785559F1D8E5}
	EndGlobalSection
EndGlobal
